// !$*UTF8*$!
{
	archiveVersion = 1;
	classes = {
	};
	objectVersion = 46;
	objects = {

/* Begin PBXBuildFile section */
		049E657B1AE4BEFD00F6AC47 /* AppDelegate.swift in Sources */ = {isa = PBXBuildFile; fileRef = 049E657A1AE4BEFD00F6AC47 /* AppDelegate.swift */; };
		049E657D1AE4BEFD00F6AC47 /* ViewController.swift in Sources */ = {isa = PBXBuildFile; fileRef = 049E657C1AE4BEFD00F6AC47 /* ViewController.swift */; };
		049E65801AE4BEFD00F6AC47 /* Main.storyboard in Resources */ = {isa = PBXBuildFile; fileRef = 049E657E1AE4BEFD00F6AC47 /* Main.storyboard */; };
		049E65821AE4BEFD00F6AC47 /* Images.xcassets in Resources */ = {isa = PBXBuildFile; fileRef = 049E65811AE4BEFD00F6AC47 /* Images.xcassets */; };
		049E65851AE4BEFD00F6AC47 /* LaunchScreen.xib in Resources */ = {isa = PBXBuildFile; fileRef = 049E65831AE4BEFD00F6AC47 /* LaunchScreen.xib */; };
		049E65911AE4BEFE00F6AC47 /* ChatbeiTests.swift in Sources */ = {isa = PBXBuildFile; fileRef = 049E65901AE4BEFE00F6AC47 /* ChatbeiTests.swift */; };
/* End PBXBuildFile section */

/* Begin PBXContainerItemProxy section */
		049E658B1AE4BEFE00F6AC47 /* PBXContainerItemProxy */ = {
			isa = PBXContainerItemProxy;
			containerPortal = 049E656D1AE4BEFD00F6AC47 /* Project object */;
			proxyType = 1;
			remoteGlobalIDString = 049E65741AE4BEFD00F6AC47;
			remoteInfo = Chatbei;
		};
/* End PBXContainerItemProxy section */

/* Begin PBXFileReference section */
		049E65751AE4BEFD00F6AC47 /* Chatbei.app */ = {isa = PBXFileReference; explicitFileType = wrapper.application; includeInIndex = 0; path = Chatbei.app; sourceTree = BUILT_PRODUCTS_DIR; };
		049E65791AE4BEFD00F6AC47 /* Info.plist */ = {isa = PBXFileReference; lastKnownFileType = text.plist.xml; path = Info.plist; sourceTree = "<group>"; };
		049E657A1AE4BEFD00F6AC47 /* AppDelegate.swift */ = {isa = PBXFileReference; lastKnownFileType = sourcecode.swift; path = AppDelegate.swift; sourceTree = "<group>"; };
		049E657C1AE4BEFD00F6AC47 /* ViewController.swift */ = {isa = PBXFileReference; lastKnownFileType = sourcecode.swift; path = ViewController.swift; sourceTree = "<group>"; };
		049E657F1AE4BEFD00F6AC47 /* Base */ = {isa = PBXFileReference; lastKnownFileType = file.storyboard; name = Base; path = Base.lproj/Main.storyboard; sourceTree = "<group>"; };
		049E65811AE4BEFD00F6AC47 /* Images.xcassets */ = {isa = PBXFileReference; lastKnownFileType = folder.assetcatalog; path = Images.xcassets; sourceTree = "<group>"; };
		049E65841AE4BEFD00F6AC47 /* Base */ = {isa = PBXFileReference; lastKnownFileType = file.xib; name = Base; path = Base.lproj/LaunchScreen.xib; sourceTree = "<group>"; };
		049E658A1AE4BEFE00F6AC47 /* ChatbeiTests.xctest */ = {isa = PBXFileReference; explicitFileType = wrapper.cfbundle; includeInIndex = 0; path = ChatbeiTests.xctest; sourceTree = BUILT_PRODUCTS_DIR; };
		049E658F1AE4BEFE00F6AC47 /* Info.plist */ = {isa = PBXFileReference; lastKnownFileType = text.plist.xml; path = Info.plist; sourceTree = "<group>"; };
		049E65901AE4BEFE00F6AC47 /* ChatbeiTests.swift */ = {isa = PBXFileReference; lastKnownFileType = sourcecode.swift; path = ChatbeiTests.swift; sourceTree = "<group>"; };
/* End PBXFileReference section */

/* Begin PBXFrameworksBuildPhase section */
		049E65721AE4BEFD00F6AC47 /* Frameworks */ = {
			isa = PBXFrameworksBuildPhase;
			buildActionMask = 2147483647;
			files = (
			);
			runOnlyForDeploymentPostprocessing = 0;
		};
		049E65871AE4BEFE00F6AC47 /* Frameworks */ = {
			isa = PBXFrameworksBuildPhase;
			buildActionMask = 2147483647;
			files = (
			);
			runOnlyForDeploymentPostprocessing = 0;
		};
/* End PBXFrameworksBuildPhase section */

/* Begin PBXGroup section */
		049E656C1AE4BEFD00F6AC47 = {
			isa = PBXGroup;
			children = (
				049E65771AE4BEFD00F6AC47 /* Chatbei */,
				049E658D1AE4BEFE00F6AC47 /* ChatbeiTests */,
				049E65761AE4BEFD00F6AC47 /* Products */,
			);
			sourceTree = "<group>";
		};
		049E65761AE4BEFD00F6AC47 /* Products */ = {
			isa = PBXGroup;
			children = (
				049E65751AE4BEFD00F6AC47 /* Chatbei.app */,
				049E658A1AE4BEFE00F6AC47 /* ChatbeiTests.xctest */,
			);
			name = Products;
			sourceTree = "<group>";
		};
		049E65771AE4BEFD00F6AC47 /* Chatbei */ = {
			isa = PBXGroup;
			children = (
				049E657A1AE4BEFD00F6AC47 /* AppDelegate.swift */,
				049E657C1AE4BEFD00F6AC47 /* ViewController.swift */,
				049E657E1AE4BEFD00F6AC47 /* Main.storyboard */,
				049E65811AE4BEFD00F6AC47 /* Images.xcassets */,
				049E65831AE4BEFD00F6AC47 /* LaunchScreen.xib */,
				049E65781AE4BEFD00F6AC47 /* Supporting Files */,
			);
			path = Chatbei;
			sourceTree = "<group>";
		};
		049E65781AE4BEFD00F6AC47 /* Supporting Files */ = {
			isa = PBXGroup;
			children = (
				049E65791AE4BEFD00F6AC47 /* Info.plist */,
			);
			name = "Supporting Files";
			sourceTree = "<group>";
		};
		049E658D1AE4BEFE00F6AC47 /* ChatbeiTests */ = {
			isa = PBXGroup;
			children = (
				049E65901AE4BEFE00F6AC47 /* ChatbeiTests.swift */,
				049E658E1AE4BEFE00F6AC47 /* Supporting Files */,
			);
			path = ChatbeiTests;
			sourceTree = "<group>";
		};
		049E658E1AE4BEFE00F6AC47 /* Supporting Files */ = {
			isa = PBXGroup;
			children = (
				049E658F1AE4BEFE00F6AC47 /* Info.plist */,
			);
			name = "Supporting Files";
			sourceTree = "<group>";
		};
/* End PBXGroup section */

/* Begin PBXNativeTarget section */
		049E65741AE4BEFD00F6AC47 /* Chatbei */ = {
			isa = PBXNativeTarget;
			buildConfigurationList = 049E65941AE4BEFE00F6AC47 /* Build configuration list for PBXNativeTarget "Chatbei" */;
			buildPhases = (
				049E65711AE4BEFD00F6AC47 /* Sources */,
				049E65721AE4BEFD00F6AC47 /* Frameworks */,
				049E65731AE4BEFD00F6AC47 /* Resources */,
			);
			buildRules = (
			);
			dependencies = (
			);
			name = Chatbei;
			productName = Chatbei;
			productReference = 049E65751AE4BEFD00F6AC47 /* Chatbei.app */;
			productType = "com.apple.product-type.application";
		};
		049E65891AE4BEFE00F6AC47 /* ChatbeiTests */ = {
			isa = PBXNativeTarget;
			buildConfigurationList = 049E65971AE4BEFE00F6AC47 /* Build configuration list for PBXNativeTarget "ChatbeiTests" */;
			buildPhases = (
				049E65861AE4BEFE00F6AC47 /* Sources */,
				049E65871AE4BEFE00F6AC47 /* Frameworks */,
				049E65881AE4BEFE00F6AC47 /* Resources */,
			);
			buildRules = (
			);
			dependencies = (
				049E658C1AE4BEFE00F6AC47 /* PBXTargetDependency */,
			);
			name = ChatbeiTests;
			productName = ChatbeiTests;
			productReference = 049E658A1AE4BEFE00F6AC47 /* ChatbeiTests.xctest */;
			productType = "com.apple.product-type.bundle.unit-test";
		};
/* End PBXNativeTarget section */

/* Begin PBXProject section */
		049E656D1AE4BEFD00F6AC47 /* Project object */ = {
			isa = PBXProject;
			attributes = {
				LastUpgradeCheck = 0620;
				ORGANIZATIONNAME = tang;
				TargetAttributes = {
					049E65741AE4BEFD00F6AC47 = {
						CreatedOnToolsVersion = 6.2;
					};
					049E65891AE4BEFE00F6AC47 = {
						CreatedOnToolsVersion = 6.2;
						TestTargetID = 049E65741AE4BEFD00F6AC47;
					};
				};
			};
			buildConfigurationList = 049E65701AE4BEFD00F6AC47 /* Build configuration list for PBXProject "Chatbei" */;
			compatibilityVersion = "Xcode 3.2";
			developmentRegion = English;
			hasScannedForEncodings = 0;
			knownRegions = (
				en,
				Base,
			);
			mainGroup = 049E656C1AE4BEFD00F6AC47;
			productRefGroup = 049E65761AE4BEFD00F6AC47 /* Products */;
			projectDirPath = "";
			projectRoot = "";
			targets = (
				049E65741AE4BEFD00F6AC47 /* Chatbei */,
				049E65891AE4BEFE00F6AC47 /* ChatbeiTests */,
			);
		};
/* End PBXProject section */

/* Begin PBXResourcesBuildPhase section */
		049E65731AE4BEFD00F6AC47 /* Resources */ = {
			isa = PBXResourcesBuildPhase;
			buildActionMask = 2147483647;
			files = (
				049E65801AE4BEFD00F6AC47 /* Main.storyboard in Resources */,
				049E65851AE4BEFD00F6AC47 /* LaunchScreen.xib in Resources */,
				049E65821AE4BEFD00F6AC47 /* Images.xcassets in Resources */,
			);
			runOnlyForDeploymentPostprocessing = 0;
		};
		049E65881AE4BEFE00F6AC47 /* Resources */ = {
			isa = PBXResourcesBuildPhase;
			buildActionMask = 2147483647;
			files = (
			);
			runOnlyForDeploymentPostprocessing = 0;
		};
/* End PBXResourcesBuildPhase section */

/* Begin PBXSourcesBuildPhase section */
		049E65711AE4BEFD00F6AC47 /* Sources */ = {
			isa = PBXSourcesBuildPhase;
			buildActionMask = 2147483647;
			files = (
				049E657D1AE4BEFD00F6AC47 /* ViewController.swift in Sources */,
				049E657B1AE4BEFD00F6AC47 /* AppDelegate.swift in Sources */,
			);
			runOnlyForDeploymentPostprocessing = 0;
		};
		049E65861AE4BEFE00F6AC47 /* Sources */ = {
			isa = PBXSourcesBuildPhase;
			buildActionMask = 2147483647;
			files = (
				049E65911AE4BEFE00F6AC47 /* ChatbeiTests.swift in Sources */,
			);
			runOnlyForDeploymentPostprocessing = 0;
		};
/* End PBXSourcesBuildPhase section */

/* Begin PBXTargetDependency section */
		049E658C1AE4BEFE00F6AC47 /* PBXTargetDependency */ = {
			isa = PBXTargetDependency;
			target = 049E65741AE4BEFD00F6AC47 /* Chatbei */;
			targetProxy = 049E658B1AE4BEFE00F6AC47 /* PBXContainerItemProxy */;
		};
/* End PBXTargetDependency section */

/* Begin PBXVariantGroup section */
		049E657E1AE4BEFD00F6AC47 /* Main.storyboard */ = {
			isa = PBXVariantGroup;
			children = (
				049E657F1AE4BEFD00F6AC47 /* Base */,
			);
			name = Main.storyboard;
			sourceTree = "<group>";
		};
		049E65831AE4BEFD00F6AC47 /* LaunchScreen.xib */ = {
			isa = PBXVariantGroup;
			children = (
				049E65841AE4BEFD00F6AC47 /* Base */,
			);
			name = LaunchScreen.xib;
			sourceTree = "<group>";
		};
/* End PBXVariantGroup section */

/* Begin XCBuildConfiguration section */
		049E65921AE4BEFE00F6AC47 /* Debug */ = {
			isa = XCBuildConfiguration;
			buildSettings = {
				ALWAYS_SEARCH_USER_PATHS = NO;
				CLANG_CXX_LANGUAGE_STANDARD = "gnu++0x";
				CLANG_CXX_LIBRARY = "libc++";
				CLANG_ENABLE_MODULES = YES;
				CLANG_ENABLE_OBJC_ARC = YES;
				CLANG_WARN_BOOL_CONVERSION = YES;
				CLANG_WARN_CONSTANT_CONVERSION = YES;
				CLANG_WARN_DIRECT_OBJC_ISA_USAGE = YES_ERROR;
				CLANG_WARN_EMPTY_BODY = YES;
				CLANG_WARN_ENUM_CONVERSION = YES;
				CLANG_WARN_INT_CONVERSION = YES;
				CLANG_WARN_OBJC_ROOT_CLASS = YES_ERROR;
				CLANG_WARN_UNREACHABLE_CODE = YES;
				CLANG_WARN__DUPLICATE_METHOD_MATCH = YES;
				"CODE_SIGN_IDENTITY[sdk=iphoneos*]" = "iPhone Developer";
				COPY_PHASE_STRIP = NO;
				ENABLE_STRICT_OBJC_MSGSEND = YES;
				GCC_C_LANGUAGE_STANDARD = gnu99;
				GCC_DYNAMIC_NO_PIC = NO;
				GCC_OPTIMIZATION_LEVEL = 0;
				GCC_PREPROCESSOR_DEFINITIONS = (
					"DEBUG=1",
					"$(inherited)",
				);
				GCC_SYMBOLS_PRIVATE_EXTERN = NO;
				GCC_WARN_64_TO_32_BIT_CONVERSION = YES;
				GCC_WARN_ABOUT_RETURN_TYPE = YES_ERROR;
				GCC_WARN_UNDECLARED_SELECTOR = YES;
				GCC_WARN_UNINITIALIZED_AUTOS = YES_AGGRESSIVE;
				GCC_WARN_UNUSED_FUNCTION = YES;
				GCC_WARN_UNUSED_VARIABLE = YES;
				IPHONEOS_DEPLOYMENT_TARGET = 8.2;
				MTL_ENABLE_DEBUG_INFO = YES;
				ONLY_ACTIVE_ARCH = YES;
				SDKROOT = iphoneos;
				SWIFT_OPTIMIZATION_LEVEL = "-Onone";
				TARGETED_DEVICE_FAMILY = "1,2";
			};
			name = Debug;
		};
		049E65931AE4BEFE00F6AC47 /* Release */ = {
			isa = XCBuildConfiguration;
			buildSettings = {
				ALWAYS_SEARCH_USER_PATHS = NO;
				CLANG_CXX_LANGUAGE_STANDARD = "gnu++0x";
				CLANG_CXX_LIBRARY = "libc++";
				CLANG_ENABLE_MODULES = YES;
				CLANG_ENABLE_OBJC_ARC = YES;
				CLANG_WARN_BOOL_CONVERSION = YES;
				CLANG_WARN_CONSTANT_CONVERSION = YES;
				CLANG_WARN_DIRECT_OBJC_ISA_USAGE = YES_ERROR;
				CLANG_WARN_EMPTY_BODY = YES;
				CLANG_WARN_ENUM_CONVERSION = YES;
				CLANG_WARN_INT_CONVERSION = YES;
				CLANG_WARN_OBJC_ROOT_CLASS = YES_ERROR;
				CLANG_WARN_UNREACHABLE_CODE = YES;
				CLANG_WARN__DUPLICATE_METHOD_MATCH = YES;
				"CODE_SIGN_IDENTITY[sdk=iphoneos*]" = "iPhone Developer";
				COPY_PHASE_STRIP = NO;
				ENABLE_NS_ASSERTIONS = NO;
				ENABLE_STRICT_OBJC_MSGSEND = YES;
				GCC_C_LANGUAGE_STANDARD = gnu99;
				GCC_WARN_64_TO_32_BIT_CONVERSION = YES;
				GCC_WARN_ABOUT_RETURN_TYPE = YES_ERROR;
				GCC_WARN_UNDECLARED_SELECTOR = YES;
				GCC_WARN_UNINITIALIZED_AUTOS = YES_AGGRESSIVE;
				GCC_WARN_UNUSED_FUNCTION = YES;
				GCC_WARN_UNUSED_VARIABLE = YES;
				IPHONEOS_DEPLOYMENT_TARGET = 8.2;
				MTL_ENABLE_DEBUG_INFO = NO;
				SDKROOT = iphoneos;
				TARGETED_DEVICE_FAMILY = "1,2";
				VALIDATE_PRODUCT = YES;
			};
			name = Release;
		};
		049E65951AE4BEFE00F6AC47 /* Debug */ = {
			isa = XCBuildConfiguration;
			buildSettings = {
				ASSETCATALOG_COMPILER_APPICON_NAME = AppIcon;
				INFOPLIST_FILE = Chatbei/Info.plist;
				LD_RUNPATH_SEARCH_PATHS = "$(inherited) @executable_path/Frameworks";
				PRODUCT_NAME = "$(TARGET_NAME)";
			};
			name = Debug;
		};
		049E65961AE4BEFE00F6AC47 /* Release */ = {
			isa = XCBuildConfiguration;
			buildSettings = {
				ASSETCATALOG_COMPILER_APPICON_NAME = AppIcon;
				INFOPLIST_FILE = Chatbei/Info.plist;
				LD_RUNPATH_SEARCH_PATHS = "$(inherited) @executable_path/Frameworks";
				PRODUCT_NAME = "$(TARGET_NAME)";
			};
			name = Release;
		};
		049E65981AE4BEFE00F6AC47 /* Debug */ = {
			isa = XCBuildConfiguration;
			buildSettings = {
				BUNDLE_LOADER = "$(TEST_HOST)";
				FRAMEWORK_SEARCH_PATHS = (
					"$(SDKROOT)/Developer/Library/Frameworks",
					"$(inherited)",
				);
				GCC_PREPROCESSOR_DEFINITIONS = (
					"DEBUG=1",
					"$(inherited)",
				);
				INFOPLIST_FILE = ChatbeiTests/Info.plist;
				LD_RUNPATH_SEARCH_PATHS = "$(inherited) @executable_path/Frameworks @loader_path/Frameworks";
				PRODUCT_NAME = "$(TARGET_NAME)";
				TEST_HOST = "$(BUILT_PRODUCTS_DIR)/Chatbei.app/Chatbei";
			};
			name = Debug;
		};
		049E65991AE4BEFE00F6AC47 /* Release */ = {
			isa = XCBuildConfiguration;
			buildSettings = {
				BUNDLE_LOADER = "$(TEST_HOST)";
				FRAMEWORK_SEARCH_PATHS = (
					"$(SDKROOT)/Developer/Library/Frameworks",
					"$(inherited)",
				);
				INFOPLIST_FILE = ChatbeiTests/Info.plist;
				LD_RUNPATH_SEARCH_PATHS = "$(inherited) @executable_path/Frameworks @loader_path/Frameworks";
				PRODUCT_NAME = "$(TARGET_NAME)";
				TEST_HOST = "$(BUILT_PRODUCTS_DIR)/Chatbei.app/Chatbei";
			};
			name = Release;
		};
/* End XCBuildConfiguration section */

/* Begin XCConfigurationList section */
		049E65701AE4BEFD00F6AC47 /* Build configuration list for PBXProject "Chatbei" */ = {
			isa = XCConfigurationList;
			buildConfigurations = (
				049E65921AE4BEFE00F6AC47 /* Debug */,
				049E65931AE4BEFE00F6AC47 /* Release */,
			);
			defaultConfigurationIsVisible = 0;
			defaultConfigurationName = Release;
		};
		049E65941AE4BEFE00F6AC47 /* Build configuration list for PBXNativeTarget "Chatbei" */ = {
			isa = XCConfigurationList;
			buildConfigurations = (
				049E65951AE4BEFE00F6AC47 /* Debug */,
				049E65961AE4BEFE00F6AC47 /* Release */,
			);
			defaultConfigurationIsVisible = 0;
		};
		049E65971AE4BEFE00F6AC47 /* Build configuration list for PBXNativeTarget "ChatbeiTests" */ = {
			isa = XCConfigurationList;
			buildConfigurations = (
				049E65981AE4BEFE00F6AC47 /* Debug */,
				049E65991AE4BEFE00F6AC47 /* Release */,
			);
			defaultConfigurationIsVisible = 0;
		};
/* End XCConfigurationList section */
	};
	rootObject = 049E656D1AE4BEFD00F6AC47 /* Project object */;
}
